
Microsoft Visual Studio Solution File, Format Version 12.00
# Visual Studio Version 16
VisualStudioVersion = 16.0.29613.14
MinimumVisualStudioVersion = 10.0.40219.1
Project("{FAE04EC0-301F-11D3-BF4B-00C04F79EFBC}") = "ThreeDPayment", "ThreeDPayment\ThreeDPayment.csproj", "{B219B3E0-B35C-4518-9C4E-F55AB3915CDD}"
EndProject
Global
	GlobalSection(SolutionConfigurationPlatforms) = preSolution
		Debug|Any CPU = Debug|Any CPU
		Release|Any CPU = Release|Any CPU
	EndGlobalSection
	GlobalSection(ProjectConfigurationPlatforms) = postSolution
		{B219B3E0-B35C-4518-9C4E-F55AB3915CDD}.Debug|Any CPU.ActiveCfg = Debug|Any CPU
		{B219B3E0-B35C-4518-9C4E-F55AB3915CDD}.Debug|Any CPU.Build.0 = Debug|Any CPU
		{B219B3E0-B35C-4518-9C4E-F55AB3915CDD}.Release|Any CPU.ActiveCfg = Release|Any CPU
		{B219B3E0-B35C-4518-9C4E-F55AB3915CDD}.Release|Any CPU.Build.0 = Release|Any CPU
	EndGlobalSection
	GlobalSection(SolutionProperties) = preSolution
		HideSolutionNode = FALSE
	EndGlobalSection
	GlobalSection(ExtensibilityGlobals) = postSolution
		SolutionGuid = {6AF5F8A4-ADCF-4582-B4FB-26F1EFDD6C3B}
	EndGlobalSection
EndGlobal
